
Microsoft Visual Studio Solution File, Format Version 12.00
# Visual Studio Version 16
VisualStudioVersion = 16.0.30503.244
MinimumVisualStudioVersion = 10.0.40219.1
Project("{9A19103F-16F7-4668-BE54-9A1E7A4F7556}") = "JsonEvaluation", "JsonEvaluation\JsonEvaluation.csproj", "{FAEE391D-4D36-46E8-8A2D-06358943425E}"
EndProject
Project("{9A19103F-16F7-4668-BE54-9A1E7A4F7556}") = "JsonEvaluation.Tests", "JsonEvaluation.Tests\JsonEvaluation.Tests.csproj", "{66BD1DEB-F7C7-4B8E-BC02-6469451DF8BA}"
EndProject
Global
	GlobalSection(SolutionConfigurationPlatforms) = preSolution
		Debug|Any CPU = Debug|Any CPU
		Release|Any CPU = Release|Any CPU
	EndGlobalSection
	GlobalSection(ProjectConfigurationPlatforms) = postSolution
		{FAEE391D-4D36-46E8-8A2D-06358943425E}.Debug|Any CPU.ActiveCfg = Debug|Any CPU
		{FAEE391D-4D36-46E8-8A2D-06358943425E}.Debug|Any CPU.Build.0 = Debug|Any CPU
		{FAEE391D-4D36-46E8-8A2D-06358943425E}.Release|Any CPU.ActiveCfg = Release|Any CPU
		{FAEE391D-4D36-46E8-8A2D-06358943425E}.Release|Any CPU.Build.0 = Release|Any CPU
		{66BD1DEB-F7C7-4B8E-BC02-6469451DF8BA}.Debug|Any CPU.ActiveCfg = Debug|Any CPU
		{66BD1DEB-F7C7-4B8E-BC02-6469451DF8BA}.Debug|Any CPU.Build.0 = Debug|Any CPU
		{66BD1DEB-F7C7-4B8E-BC02-6469451DF8BA}.Release|Any CPU.ActiveCfg = Release|Any CPU
		{66BD1DEB-F7C7-4B8E-BC02-6469451DF8BA}.Release|Any CPU.Build.0 = Release|Any CPU
	EndGlobalSection
	GlobalSection(SolutionProperties) = preSolution
		HideSolutionNode = FALSE
	EndGlobalSection
	GlobalSection(ExtensibilityGlobals) = postSolution
		SolutionGuid = {2915EBE2-5B75-4B41-8454-F6382468DC06}
	EndGlobalSection
EndGlobal
